
Microsoft Visual Studio Solution File, Format Version 12.00
# Visual Studio 15
VisualStudioVersion = 15.0.27130.2024
MinimumVisualStudioVersion = 10.0.40219.1
Project("{8BC9CEB8-8B4A-11D0-8D11-00A0C91BC942}") = "Eratosthenes", "Eratosthenes\Eratosthenes.vcxproj", "{85F4C646-D4AA-45FD-9117-A359AE2241BC}"
EndProject
Global
	GlobalSection(SolutionConfigurationPlatforms) = preSolution
		Debug|x64 = Debug|x64
		Debug|x86 = Debug|x86
		Release|x64 = Release|x64
		Release|x86 = Release|x86
	EndGlobalSection
	GlobalSection(ProjectConfigurationPlatforms) = postSolution
		{85F4C646-D4AA-45FD-9117-A359AE2241BC}.Debug|x64.ActiveCfg = Debug|x64
		{85F4C646-D4AA-45FD-9117-A359AE2241BC}.Debug|x64.Build.0 = Debug|x64
		{85F4C646-D4AA-45FD-9117-A359AE2241BC}.Debug|x86.ActiveCfg = Debug|Win32
		{85F4C646-D4AA-45FD-9117-A359AE2241BC}.Debug|x86.Build.0 = Debug|Win32
		{85F4C646-D4AA-45FD-9117-A359AE2241BC}.Release|x64.ActiveCfg = Release|x64
		{85F4C646-D4AA-45FD-9117-A359AE2241BC}.Release|x64.Build.0 = Release|x64
		{85F4C646-D4AA-45FD-9117-A359AE2241BC}.Release|x86.ActiveCfg = Release|Win32
		{85F4C646-D4AA-45FD-9117-A359AE2241BC}.Release|x86.Build.0 = Release|Win32
	EndGlobalSection
	GlobalSection(SolutionProperties) = preSolution
		HideSolutionNode = FALSE
	EndGlobalSection
	GlobalSection(ExtensibilityGlobals) = postSolution
		SolutionGuid = {EB291E53-0769-450B-9F2F-427B101BFD0B}
	EndGlobalSection
EndGlobal
