
Microsoft Visual Studio Solution File, Format Version 12.00
# Visual Studio 15
VisualStudioVersion = 15.0.26730.15
MinimumVisualStudioVersion = 10.0.40219.1
Project("{8BC9CEB8-8B4A-11D0-8D11-00A0C91BC942}") = "5.14 Calculating Total Sales", "5.14 Calculating Total Sales\5.14 Calculating Total Sales.vcxproj", "{6A6692C3-1B62-480F-B849-BA0BC4D3A24E}"
EndProject
Global
	GlobalSection(SolutionConfigurationPlatforms) = preSolution
		Debug|x64 = Debug|x64
		Debug|x86 = Debug|x86
		Release|x64 = Release|x64
		Release|x86 = Release|x86
	EndGlobalSection
	GlobalSection(ProjectConfigurationPlatforms) = postSolution
		{6A6692C3-1B62-480F-B849-BA0BC4D3A24E}.Debug|x64.ActiveCfg = Debug|x64
		{6A6692C3-1B62-480F-B849-BA0BC4D3A24E}.Debug|x64.Build.0 = Debug|x64
		{6A6692C3-1B62-480F-B849-BA0BC4D3A24E}.Debug|x86.ActiveCfg = Debug|Win32
		{6A6692C3-1B62-480F-B849-BA0BC4D3A24E}.Debug|x86.Build.0 = Debug|Win32
		{6A6692C3-1B62-480F-B849-BA0BC4D3A24E}.Release|x64.ActiveCfg = Release|x64
		{6A6692C3-1B62-480F-B849-BA0BC4D3A24E}.Release|x64.Build.0 = Release|x64
		{6A6692C3-1B62-480F-B849-BA0BC4D3A24E}.Release|x86.ActiveCfg = Release|Win32
		{6A6692C3-1B62-480F-B849-BA0BC4D3A24E}.Release|x86.Build.0 = Release|Win32
	EndGlobalSection
	GlobalSection(SolutionProperties) = preSolution
		HideSolutionNode = FALSE
	EndGlobalSection
	GlobalSection(ExtensibilityGlobals) = postSolution
		SolutionGuid = {0D1EC777-887E-40AE-B04F-BA458C418728}
	EndGlobalSection
EndGlobal
