
Microsoft Visual Studio Solution File, Format Version 12.00
# Visual Studio 15
VisualStudioVersion = 15.0.26730.15
MinimumVisualStudioVersion = 10.0.40219.1
Project("{8BC9CEB8-8B4A-11D0-8D11-00A0C91BC942}") = "6.36 Recursive Exponentiation", "6.36 Recursive Exponentiation\6.36 Recursive Exponentiation.vcxproj", "{72CC1E8E-F4A2-4619-A664-43CC1EEDE256}"
EndProject
Global
	GlobalSection(SolutionConfigurationPlatforms) = preSolution
		Debug|x64 = Debug|x64
		Debug|x86 = Debug|x86
		Release|x64 = Release|x64
		Release|x86 = Release|x86
	EndGlobalSection
	GlobalSection(ProjectConfigurationPlatforms) = postSolution
		{72CC1E8E-F4A2-4619-A664-43CC1EEDE256}.Debug|x64.ActiveCfg = Debug|x64
		{72CC1E8E-F4A2-4619-A664-43CC1EEDE256}.Debug|x64.Build.0 = Debug|x64
		{72CC1E8E-F4A2-4619-A664-43CC1EEDE256}.Debug|x86.ActiveCfg = Debug|Win32
		{72CC1E8E-F4A2-4619-A664-43CC1EEDE256}.Debug|x86.Build.0 = Debug|Win32
		{72CC1E8E-F4A2-4619-A664-43CC1EEDE256}.Release|x64.ActiveCfg = Release|x64
		{72CC1E8E-F4A2-4619-A664-43CC1EEDE256}.Release|x64.Build.0 = Release|x64
		{72CC1E8E-F4A2-4619-A664-43CC1EEDE256}.Release|x86.ActiveCfg = Release|Win32
		{72CC1E8E-F4A2-4619-A664-43CC1EEDE256}.Release|x86.Build.0 = Release|Win32
	EndGlobalSection
	GlobalSection(SolutionProperties) = preSolution
		HideSolutionNode = FALSE
	EndGlobalSection
	GlobalSection(ExtensibilityGlobals) = postSolution
		SolutionGuid = {F220E6BA-A098-4D53-88D5-4C401B6B7142}
	EndGlobalSection
EndGlobal
