
Microsoft Visual Studio Solution File, Format Version 12.00
# Visual Studio 15
VisualStudioVersion = 15.0.27130.2024
MinimumVisualStudioVersion = 10.0.40219.1
Project("{8BC9CEB8-8B4A-11D0-8D11-00A0C91BC942}") = "Book Management System4.0", "Book Management System4.0\Book Management System4.0.vcxproj", "{E714793D-8B29-41A3-943D-ABDFD4F954A4}"
EndProject
Global
	GlobalSection(SolutionConfigurationPlatforms) = preSolution
		Debug|x64 = Debug|x64
		Debug|x86 = Debug|x86
		Release|x64 = Release|x64
		Release|x86 = Release|x86
	EndGlobalSection
	GlobalSection(ProjectConfigurationPlatforms) = postSolution
		{E714793D-8B29-41A3-943D-ABDFD4F954A4}.Debug|x64.ActiveCfg = Debug|x64
		{E714793D-8B29-41A3-943D-ABDFD4F954A4}.Debug|x64.Build.0 = Debug|x64
		{E714793D-8B29-41A3-943D-ABDFD4F954A4}.Debug|x86.ActiveCfg = Debug|Win32
		{E714793D-8B29-41A3-943D-ABDFD4F954A4}.Debug|x86.Build.0 = Debug|Win32
		{E714793D-8B29-41A3-943D-ABDFD4F954A4}.Release|x64.ActiveCfg = Release|x64
		{E714793D-8B29-41A3-943D-ABDFD4F954A4}.Release|x64.Build.0 = Release|x64
		{E714793D-8B29-41A3-943D-ABDFD4F954A4}.Release|x86.ActiveCfg = Release|Win32
		{E714793D-8B29-41A3-943D-ABDFD4F954A4}.Release|x86.Build.0 = Release|Win32
	EndGlobalSection
	GlobalSection(SolutionProperties) = preSolution
		HideSolutionNode = FALSE
	EndGlobalSection
	GlobalSection(ExtensibilityGlobals) = postSolution
		SolutionGuid = {1A530403-16A9-4812-AFE6-81179FFE708B}
	EndGlobalSection
EndGlobal
