
Microsoft Visual Studio Solution File, Format Version 12.00
# Visual Studio 15
VisualStudioVersion = 15.0.26730.15
MinimumVisualStudioVersion = 10.0.40219.1
Project("{8BC9CEB8-8B4A-11D0-8D11-00A0C91BC942}") = "7.17 Dice Rolling", "7.17 Dice Rolling\7.17 Dice Rolling.vcxproj", "{05AD5808-2AB0-4333-9C36-7A8649C3E236}"
EndProject
Global
	GlobalSection(SolutionConfigurationPlatforms) = preSolution
		Debug|x64 = Debug|x64
		Debug|x86 = Debug|x86
		Release|x64 = Release|x64
		Release|x86 = Release|x86
	EndGlobalSection
	GlobalSection(ProjectConfigurationPlatforms) = postSolution
		{05AD5808-2AB0-4333-9C36-7A8649C3E236}.Debug|x64.ActiveCfg = Debug|x64
		{05AD5808-2AB0-4333-9C36-7A8649C3E236}.Debug|x64.Build.0 = Debug|x64
		{05AD5808-2AB0-4333-9C36-7A8649C3E236}.Debug|x86.ActiveCfg = Debug|Win32
		{05AD5808-2AB0-4333-9C36-7A8649C3E236}.Debug|x86.Build.0 = Debug|Win32
		{05AD5808-2AB0-4333-9C36-7A8649C3E236}.Release|x64.ActiveCfg = Release|x64
		{05AD5808-2AB0-4333-9C36-7A8649C3E236}.Release|x64.Build.0 = Release|x64
		{05AD5808-2AB0-4333-9C36-7A8649C3E236}.Release|x86.ActiveCfg = Release|Win32
		{05AD5808-2AB0-4333-9C36-7A8649C3E236}.Release|x86.Build.0 = Release|Win32
	EndGlobalSection
	GlobalSection(SolutionProperties) = preSolution
		HideSolutionNode = FALSE
	EndGlobalSection
	GlobalSection(ExtensibilityGlobals) = postSolution
		SolutionGuid = {76EA6693-B058-4A42-8A7A-6704DE7E4358}
	EndGlobalSection
EndGlobal
