
Microsoft Visual Studio Solution File, Format Version 12.00
# Visual Studio 15
VisualStudioVersion = 15.0.27130.2024
MinimumVisualStudioVersion = 10.0.40219.1
Project("{8BC9CEB8-8B4A-11D0-8D11-00A0C91BC942}") = "Time Class", "Time Class\Time Class.vcxproj", "{0A2D7137-DBED-481A-8BD6-54F5A1822110}"
EndProject
Global
	GlobalSection(SolutionConfigurationPlatforms) = preSolution
		Debug|x64 = Debug|x64
		Debug|x86 = Debug|x86
		Release|x64 = Release|x64
		Release|x86 = Release|x86
	EndGlobalSection
	GlobalSection(ProjectConfigurationPlatforms) = postSolution
		{0A2D7137-DBED-481A-8BD6-54F5A1822110}.Debug|x64.ActiveCfg = Debug|x64
		{0A2D7137-DBED-481A-8BD6-54F5A1822110}.Debug|x64.Build.0 = Debug|x64
		{0A2D7137-DBED-481A-8BD6-54F5A1822110}.Debug|x86.ActiveCfg = Debug|Win32
		{0A2D7137-DBED-481A-8BD6-54F5A1822110}.Debug|x86.Build.0 = Debug|Win32
		{0A2D7137-DBED-481A-8BD6-54F5A1822110}.Release|x64.ActiveCfg = Release|x64
		{0A2D7137-DBED-481A-8BD6-54F5A1822110}.Release|x64.Build.0 = Release|x64
		{0A2D7137-DBED-481A-8BD6-54F5A1822110}.Release|x86.ActiveCfg = Release|Win32
		{0A2D7137-DBED-481A-8BD6-54F5A1822110}.Release|x86.Build.0 = Release|Win32
	EndGlobalSection
	GlobalSection(SolutionProperties) = preSolution
		HideSolutionNode = FALSE
	EndGlobalSection
	GlobalSection(ExtensibilityGlobals) = postSolution
		SolutionGuid = {725F7935-C221-4729-9BCA-59918CF09DCD}
	EndGlobalSection
EndGlobal
