
Microsoft Visual Studio Solution File, Format Version 12.00
# Visual Studio 15
VisualStudioVersion = 15.0.26730.15
MinimumVisualStudioVersion = 10.0.40219.1
Project("{8BC9CEB8-8B4A-11D0-8D11-00A0C91BC942}") = "A Serpentine Matrix", "A Serpentine Matrix\A Serpentine Matrix.vcxproj", "{5C5E7A05-9A53-401A-B3D6-7073BF825B42}"
EndProject
Global
	GlobalSection(SolutionConfigurationPlatforms) = preSolution
		Debug|x64 = Debug|x64
		Debug|x86 = Debug|x86
		Release|x64 = Release|x64
		Release|x86 = Release|x86
	EndGlobalSection
	GlobalSection(ProjectConfigurationPlatforms) = postSolution
		{5C5E7A05-9A53-401A-B3D6-7073BF825B42}.Debug|x64.ActiveCfg = Debug|x64
		{5C5E7A05-9A53-401A-B3D6-7073BF825B42}.Debug|x64.Build.0 = Debug|x64
		{5C5E7A05-9A53-401A-B3D6-7073BF825B42}.Debug|x86.ActiveCfg = Debug|Win32
		{5C5E7A05-9A53-401A-B3D6-7073BF825B42}.Debug|x86.Build.0 = Debug|Win32
		{5C5E7A05-9A53-401A-B3D6-7073BF825B42}.Release|x64.ActiveCfg = Release|x64
		{5C5E7A05-9A53-401A-B3D6-7073BF825B42}.Release|x64.Build.0 = Release|x64
		{5C5E7A05-9A53-401A-B3D6-7073BF825B42}.Release|x86.ActiveCfg = Release|Win32
		{5C5E7A05-9A53-401A-B3D6-7073BF825B42}.Release|x86.Build.0 = Release|Win32
	EndGlobalSection
	GlobalSection(SolutionProperties) = preSolution
		HideSolutionNode = FALSE
	EndGlobalSection
	GlobalSection(ExtensibilityGlobals) = postSolution
		SolutionGuid = {5AC764CB-1EB7-4FD2-9DCA-B3EDA0FC5A9B}
	EndGlobalSection
EndGlobal
