
Microsoft Visual Studio Solution File, Format Version 12.00
# Visual Studio 15
VisualStudioVersion = 15.0.26730.15
MinimumVisualStudioVersion = 10.0.40219.1
Project("{8BC9CEB8-8B4A-11D0-8D11-00A0C91BC942}") = "2.19  Arithmetic,Smallest and Largest", "2.19  Arithmetic,Smallest and Largest\2.19  Arithmetic,Smallest and Largest.vcxproj", "{EE3F6B57-E8EE-4AC4-996E-F05459FD0462}"
EndProject
Global
	GlobalSection(SolutionConfigurationPlatforms) = preSolution
		Debug|x64 = Debug|x64
		Debug|x86 = Debug|x86
		Release|x64 = Release|x64
		Release|x86 = Release|x86
	EndGlobalSection
	GlobalSection(ProjectConfigurationPlatforms) = postSolution
		{EE3F6B57-E8EE-4AC4-996E-F05459FD0462}.Debug|x64.ActiveCfg = Debug|x64
		{EE3F6B57-E8EE-4AC4-996E-F05459FD0462}.Debug|x64.Build.0 = Debug|x64
		{EE3F6B57-E8EE-4AC4-996E-F05459FD0462}.Debug|x86.ActiveCfg = Debug|Win32
		{EE3F6B57-E8EE-4AC4-996E-F05459FD0462}.Debug|x86.Build.0 = Debug|Win32
		{EE3F6B57-E8EE-4AC4-996E-F05459FD0462}.Release|x64.ActiveCfg = Release|x64
		{EE3F6B57-E8EE-4AC4-996E-F05459FD0462}.Release|x64.Build.0 = Release|x64
		{EE3F6B57-E8EE-4AC4-996E-F05459FD0462}.Release|x86.ActiveCfg = Release|Win32
		{EE3F6B57-E8EE-4AC4-996E-F05459FD0462}.Release|x86.Build.0 = Release|Win32
	EndGlobalSection
	GlobalSection(SolutionProperties) = preSolution
		HideSolutionNode = FALSE
	EndGlobalSection
	GlobalSection(ExtensibilityGlobals) = postSolution
		SolutionGuid = {9DB7D398-CDBB-4250-AAD9-B8BFD9AD6BE1}
	EndGlobalSection
EndGlobal
