
Microsoft Visual Studio Solution File, Format Version 12.00
# Visual Studio 15
VisualStudioVersion = 15.0.26730.15
MinimumVisualStudioVersion = 10.0.40219.1
Project("{8BC9CEB8-8B4A-11D0-8D11-00A0C91BC942}") = "Random Base Quick Pow", "Random Base Quick Pow\Random Base Quick Pow.vcxproj", "{2DD7D790-063C-4E4F-80E5-6AFF769F2E6F}"
EndProject
Global
	GlobalSection(SolutionConfigurationPlatforms) = preSolution
		Debug|x64 = Debug|x64
		Debug|x86 = Debug|x86
		Release|x64 = Release|x64
		Release|x86 = Release|x86
	EndGlobalSection
	GlobalSection(ProjectConfigurationPlatforms) = postSolution
		{2DD7D790-063C-4E4F-80E5-6AFF769F2E6F}.Debug|x64.ActiveCfg = Debug|x64
		{2DD7D790-063C-4E4F-80E5-6AFF769F2E6F}.Debug|x64.Build.0 = Debug|x64
		{2DD7D790-063C-4E4F-80E5-6AFF769F2E6F}.Debug|x86.ActiveCfg = Debug|Win32
		{2DD7D790-063C-4E4F-80E5-6AFF769F2E6F}.Debug|x86.Build.0 = Debug|Win32
		{2DD7D790-063C-4E4F-80E5-6AFF769F2E6F}.Release|x64.ActiveCfg = Release|x64
		{2DD7D790-063C-4E4F-80E5-6AFF769F2E6F}.Release|x64.Build.0 = Release|x64
		{2DD7D790-063C-4E4F-80E5-6AFF769F2E6F}.Release|x86.ActiveCfg = Release|Win32
		{2DD7D790-063C-4E4F-80E5-6AFF769F2E6F}.Release|x86.Build.0 = Release|Win32
	EndGlobalSection
	GlobalSection(SolutionProperties) = preSolution
		HideSolutionNode = FALSE
	EndGlobalSection
	GlobalSection(ExtensibilityGlobals) = postSolution
		SolutionGuid = {12C8D53F-6DE2-4537-B3D3-069A32BB2510}
	EndGlobalSection
EndGlobal
