
Microsoft Visual Studio Solution File, Format Version 12.00
# Visual Studio 15
VisualStudioVersion = 15.0.26730.15
MinimumVisualStudioVersion = 10.0.40219.1
Project("{8BC9CEB8-8B4A-11D0-8D11-00A0C91BC942}") = "不开心的津津", "不开心的津津\不开心的津津.vcxproj", "{782CA01D-6F16-4DB1-A7D5-B416D1F162C4}"
EndProject
Global
	GlobalSection(SolutionConfigurationPlatforms) = preSolution
		Debug|x64 = Debug|x64
		Debug|x86 = Debug|x86
		Release|x64 = Release|x64
		Release|x86 = Release|x86
	EndGlobalSection
	GlobalSection(ProjectConfigurationPlatforms) = postSolution
		{782CA01D-6F16-4DB1-A7D5-B416D1F162C4}.Debug|x64.ActiveCfg = Debug|x64
		{782CA01D-6F16-4DB1-A7D5-B416D1F162C4}.Debug|x64.Build.0 = Debug|x64
		{782CA01D-6F16-4DB1-A7D5-B416D1F162C4}.Debug|x86.ActiveCfg = Debug|Win32
		{782CA01D-6F16-4DB1-A7D5-B416D1F162C4}.Debug|x86.Build.0 = Debug|Win32
		{782CA01D-6F16-4DB1-A7D5-B416D1F162C4}.Release|x64.ActiveCfg = Release|x64
		{782CA01D-6F16-4DB1-A7D5-B416D1F162C4}.Release|x64.Build.0 = Release|x64
		{782CA01D-6F16-4DB1-A7D5-B416D1F162C4}.Release|x86.ActiveCfg = Release|Win32
		{782CA01D-6F16-4DB1-A7D5-B416D1F162C4}.Release|x86.Build.0 = Release|Win32
	EndGlobalSection
	GlobalSection(SolutionProperties) = preSolution
		HideSolutionNode = FALSE
	EndGlobalSection
	GlobalSection(ExtensibilityGlobals) = postSolution
		SolutionGuid = {CE70C8B1-6AA5-473D-8D0B-203A3D3F8D8D}
	EndGlobalSection
EndGlobal
