
Microsoft Visual Studio Solution File, Format Version 12.00
# Visual Studio 15
VisualStudioVersion = 15.0.27130.2024
MinimumVisualStudioVersion = 10.0.40219.1
Project("{8BC9CEB8-8B4A-11D0-8D11-00A0C91BC942}") = "Package Inheritance Hierarchy", "Package Inheritance Hierarchy\Package Inheritance Hierarchy.vcxproj", "{828CC2DE-3EF9-4ECF-A816-834A6C427FBF}"
EndProject
Global
	GlobalSection(SolutionConfigurationPlatforms) = preSolution
		Debug|x64 = Debug|x64
		Debug|x86 = Debug|x86
		Release|x64 = Release|x64
		Release|x86 = Release|x86
	EndGlobalSection
	GlobalSection(ProjectConfigurationPlatforms) = postSolution
		{828CC2DE-3EF9-4ECF-A816-834A6C427FBF}.Debug|x64.ActiveCfg = Debug|x64
		{828CC2DE-3EF9-4ECF-A816-834A6C427FBF}.Debug|x64.Build.0 = Debug|x64
		{828CC2DE-3EF9-4ECF-A816-834A6C427FBF}.Debug|x86.ActiveCfg = Debug|Win32
		{828CC2DE-3EF9-4ECF-A816-834A6C427FBF}.Debug|x86.Build.0 = Debug|Win32
		{828CC2DE-3EF9-4ECF-A816-834A6C427FBF}.Release|x64.ActiveCfg = Release|x64
		{828CC2DE-3EF9-4ECF-A816-834A6C427FBF}.Release|x64.Build.0 = Release|x64
		{828CC2DE-3EF9-4ECF-A816-834A6C427FBF}.Release|x86.ActiveCfg = Release|Win32
		{828CC2DE-3EF9-4ECF-A816-834A6C427FBF}.Release|x86.Build.0 = Release|Win32
	EndGlobalSection
	GlobalSection(SolutionProperties) = preSolution
		HideSolutionNode = FALSE
	EndGlobalSection
	GlobalSection(ExtensibilityGlobals) = postSolution
		SolutionGuid = {C19F2CB9-7627-453A-AE23-BD0CA76C10C9}
	EndGlobalSection
EndGlobal
