
Microsoft Visual Studio Solution File, Format Version 12.00
# Visual Studio 15
VisualStudioVersion = 15.0.26730.15
MinimumVisualStudioVersion = 10.0.40219.1
Project("{8BC9CEB8-8B4A-11D0-8D11-00A0C91BC942}") = "请写程序根据输入的n画出图形", "请写程序根据输入的n画出图形\请写程序根据输入的n画出图形.vcxproj", "{AC5D6609-1B17-4A01-A57E-FE04DA72968E}"
EndProject
Global
	GlobalSection(SolutionConfigurationPlatforms) = preSolution
		Debug|x64 = Debug|x64
		Debug|x86 = Debug|x86
		Release|x64 = Release|x64
		Release|x86 = Release|x86
	EndGlobalSection
	GlobalSection(ProjectConfigurationPlatforms) = postSolution
		{AC5D6609-1B17-4A01-A57E-FE04DA72968E}.Debug|x64.ActiveCfg = Debug|x64
		{AC5D6609-1B17-4A01-A57E-FE04DA72968E}.Debug|x64.Build.0 = Debug|x64
		{AC5D6609-1B17-4A01-A57E-FE04DA72968E}.Debug|x86.ActiveCfg = Debug|Win32
		{AC5D6609-1B17-4A01-A57E-FE04DA72968E}.Debug|x86.Build.0 = Debug|Win32
		{AC5D6609-1B17-4A01-A57E-FE04DA72968E}.Release|x64.ActiveCfg = Release|x64
		{AC5D6609-1B17-4A01-A57E-FE04DA72968E}.Release|x64.Build.0 = Release|x64
		{AC5D6609-1B17-4A01-A57E-FE04DA72968E}.Release|x86.ActiveCfg = Release|Win32
		{AC5D6609-1B17-4A01-A57E-FE04DA72968E}.Release|x86.Build.0 = Release|Win32
	EndGlobalSection
	GlobalSection(SolutionProperties) = preSolution
		HideSolutionNode = FALSE
	EndGlobalSection
	GlobalSection(ExtensibilityGlobals) = postSolution
		SolutionGuid = {7A8CB6AB-C9DA-4AD5-BFF5-F6EE3BE0E097}
	EndGlobalSection
EndGlobal
