
Microsoft Visual Studio Solution File, Format Version 12.00
# Visual Studio 15
VisualStudioVersion = 15.0.27130.2024
MinimumVisualStudioVersion = 10.0.40219.1
Project("{8BC9CEB8-8B4A-11D0-8D11-00A0C91BC942}") = "GCD (Not Recursion)", "GCD (Not Recursion)\GCD (Not Recursion).vcxproj", "{6AC96827-A27A-4F41-BC7C-0327738AFE14}"
EndProject
Global
	GlobalSection(SolutionConfigurationPlatforms) = preSolution
		Debug|x64 = Debug|x64
		Debug|x86 = Debug|x86
		Release|x64 = Release|x64
		Release|x86 = Release|x86
	EndGlobalSection
	GlobalSection(ProjectConfigurationPlatforms) = postSolution
		{6AC96827-A27A-4F41-BC7C-0327738AFE14}.Debug|x64.ActiveCfg = Debug|x64
		{6AC96827-A27A-4F41-BC7C-0327738AFE14}.Debug|x64.Build.0 = Debug|x64
		{6AC96827-A27A-4F41-BC7C-0327738AFE14}.Debug|x86.ActiveCfg = Debug|Win32
		{6AC96827-A27A-4F41-BC7C-0327738AFE14}.Debug|x86.Build.0 = Debug|Win32
		{6AC96827-A27A-4F41-BC7C-0327738AFE14}.Release|x64.ActiveCfg = Release|x64
		{6AC96827-A27A-4F41-BC7C-0327738AFE14}.Release|x64.Build.0 = Release|x64
		{6AC96827-A27A-4F41-BC7C-0327738AFE14}.Release|x86.ActiveCfg = Release|Win32
		{6AC96827-A27A-4F41-BC7C-0327738AFE14}.Release|x86.Build.0 = Release|Win32
	EndGlobalSection
	GlobalSection(SolutionProperties) = preSolution
		HideSolutionNode = FALSE
	EndGlobalSection
	GlobalSection(ExtensibilityGlobals) = postSolution
		SolutionGuid = {63693138-56D8-42AB-82EC-4E487E932372}
	EndGlobalSection
EndGlobal
